{
  "name": "backend-nodejs-example",
  "lockfileVersion": 2,
  "requires": true,
  "packages": {
    "": {
      "dependencies": {
        "@bootpay/backend-js": "^2.0.0-beta.1",
        "axios": "^0.21.1",
        "bootpay-backend-nodejs": "^1.1.1"
      }
    },
    "node_modules/@bootpay/backend-js": {
      "version": "2.0.0-beta.1",
      "resolved": "https://registry.npmjs.org/@bootpay/backend-js/-/backend-js-2.0.0-beta.1.tgz",
      "integrity": "sha512-4hKsFdg5b6igd2kckeY0o/L5kG7VUyw5NN0RLg41S4g4KYP3NK+KhfSG1ONcPEgN/OUi6BEmlQU+Xyv7Yfqy8g==",
      "dependencies": {
        "axios": "^0.26.1"
      }
    },
    "node_modules/@bootpay/backend-js/node_modules/axios": {
      "version": "0.26.1",
      "resolved": "https://registry.npmjs.org/axios/-/axios-0.26.1.tgz",
      "integrity": "sha512-fPwcX4EvnSHuInCMItEhAGnaSEXRBjtzh9fOtsE6E1G6p7vl7edEeZe11QHf18+6+9gR5PbKV/sGKNaD8YaMeA==",
      "dependencies": {
        "follow-redirects": "^1.14.8"
      }
    },
    "node_modules/axios": {
      "version": "0.21.4",
      "resolved": "https://registry.npmjs.org/axios/-/axios-0.21.4.tgz",
      "integrity": "sha512-ut5vewkiu8jjGBdqpM44XxjuCjq9LAKeHVmoVfHVzy8eHgxxq8SbAVQNovDA8mVi05kP0Ea/n/UzcSHcTJQfNg==",
      "dependencies": {
        "follow-redirects": "^1.14.0"
      }
    },
    "node_modules/bootpay-backend-nodejs": {
      "version": "1.1.1",
      "resolved": "https://registry.npmjs.org/bootpay-backend-nodejs/-/bootpay-backend-nodejs-1.1.1.tgz",
      "integrity": "sha512-sg+Goey8Et9MhBde2c7ZGnF2vgXEstrNcmalnEh43VMcA2TdQqDRSGmv3SPJFfggRN2LwSAC9zC/ZEdn+lra6g==",
      "dependencies": {
        "axios": "^0.21.1"
      }
    },
    "node_modules/follow-redirects": {
      "version": "1.15.0",
      "resolved": "https://registry.npmjs.org/follow-redirects/-/follow-redirects-1.15.0.tgz",
      "integrity": "sha512-aExlJShTV4qOUOL7yF1U5tvLCB0xQuudbf6toyYA0E/acBNw71mvjFTnLaRp50aQaYocMR0a/RMMBIHeZnGyjQ==",
      "funding": [
        {
          "type": "individual",
          "url": "https://github.com/sponsors/RubenVerborgh"
        }
      ],
      "engines": {
        "node": ">=4.0"
      },
      "peerDependenciesMeta": {
        "debug": {
          "optional": true
        }
      }
    }
  },
  "dependencies": {
    "@bootpay/backend-js": {
      "version": "2.0.0-beta.1",
      "resolved": "https://registry.npmjs.org/@bootpay/backend-js/-/backend-js-2.0.0-beta.1.tgz",
      "integrity": "sha512-4hKsFdg5b6igd2kckeY0o/L5kG7VUyw5NN0RLg41S4g4KYP3NK+KhfSG1ONcPEgN/OUi6BEmlQU+Xyv7Yfqy8g==",
      "requires": {
        "axios": "^0.26.1"
      },
      "dependencies": {
        "axios": {
          "version": "0.26.1",
          "resolved": "https://registry.npmjs.org/axios/-/axios-0.26.1.tgz",
          "integrity": "sha512-fPwcX4EvnSHuInCMItEhAGnaSEXRBjtzh9fOtsE6E1G6p7vl7edEeZe11QHf18+6+9gR5PbKV/sGKNaD8YaMeA==",
          "requires": {
            "follow-redirects": "^1.14.8"
          }
        }
      }
    },
    "axios": {
      "version": "0.21.4",
      "resolved": "https://registry.npmjs.org/axios/-/axios-0.21.4.tgz",
      "integrity": "sha512-ut5vewkiu8jjGBdqpM44XxjuCjq9LAKeHVmoVfHVzy8eHgxxq8SbAVQNovDA8mVi05kP0Ea/n/UzcSHcTJQfNg==",
      "requires": {
        "follow-redirects": "^1.14.0"
      }
    },
    "bootpay-backend-nodejs": {
      "version": "1.1.1",
      "resolved": "https://registry.npmjs.org/bootpay-backend-nodejs/-/bootpay-backend-nodejs-1.1.1.tgz",
      "integrity": "sha512-sg+Goey8Et9MhBde2c7ZGnF2vgXEstrNcmalnEh43VMcA2TdQqDRSGmv3SPJFfggRN2LwSAC9zC/ZEdn+lra6g==",
      "requires": {
        "axios": "^0.21.1"
      }
    },
    "follow-redirects": {
      "version": "1.15.0",
      "resolved": "https://registry.npmjs.org/follow-redirects/-/follow-redirects-1.15.0.tgz",
      "integrity": "sha512-aExlJShTV4qOUOL7yF1U5tvLCB0xQuudbf6toyYA0E/acBNw71mvjFTnLaRp50aQaYocMR0a/RMMBIHeZnGyjQ=="
    }
  }
}
